// !$*UTF8*$!
{
	archiveVersion = 1;
	classes = {
	};
	objectVersion = 50;
	objects = {

/* Begin PBXBuildFile section */
		89F992BA26DBEB3100B5ED66 /* AppDelegate.swift in Sources */ = {isa = PBXBuildFile; fileRef = 89F992B926DBEB3100B5ED66 /* AppDelegate.swift */; };
		89F992BC26DBEB3100B5ED66 /* SceneDelegate.swift in Sources */ = {isa = PBXBuildFile; fileRef = 89F992BB26DBEB3100B5ED66 /* SceneDelegate.swift */; };
		89F992BE26DBEB3100B5ED66 /* ViewController.swift in Sources */ = {isa = PBXBuildFile; fileRef = 89F992BD26DBEB3100B5ED66 /* ViewController.swift */; };
		89F992C126DBEB3100B5ED66 /* Main.storyboard in Resources */ = {isa = PBXBuildFile; fileRef = 89F992BF26DBEB3100B5ED66 /* Main.storyboard */; };
		89F992C326DBEB3100B5ED66 /* Assets.xcassets in Resources */ = {isa = PBXBuildFile; fileRef = 89F992C226DBEB3100B5ED66 /* Assets.xcassets */; };
		89F992C626DBEB3100B5ED66 /* LaunchScreen.storyboard in Resources */ = {isa = PBXBuildFile; fileRef = 89F992C426DBEB3100B5ED66 /* LaunchScreen.storyboard */; };
/* End PBXBuildFile section */

/* Begin PBXFileReference section */
		89F992B626DBEB3100B5ED66 /* EmodjiReader.app */ = {isa = PBXFileReference; explicitFileType = wrapper.application; includeInIndex = 0; path = EmodjiReader.app; sourceTree = BUILT_PRODUCTS_DIR; };
		89F992B926DBEB3100B5ED66 /* AppDelegate.swift */ = {isa = PBXFileReference; lastKnownFileType = sourcecode.swift; path = AppDelegate.swift; sourceTree = "<group>"; };
		89F992BB26DBEB3100B5ED66 /* SceneDelegate.swift */ = {isa = PBXFileReference; lastKnownFileType = sourcecode.swift; path = SceneDelegate.swift; sourceTree = "<group>"; };
		89F992BD26DBEB3100B5ED66 /* ViewController.swift */ = {isa = PBXFileReference; lastKnownFileType = sourcecode.swift; path = ViewController.swift; sourceTree = "<group>"; };
		89F992C026DBEB3100B5ED66 /* Base */ = {isa = PBXFileReference; lastKnownFileType = file.storyboard; name = Base; path = Base.lproj/Main.storyboard; sourceTree = "<group>"; };
		89F992C226DBEB3100B5ED66 /* Assets.xcassets */ = {isa = PBXFileReference; lastKnownFileType = folder.assetcatalog; path = Assets.xcassets; sourceTree = "<group>"; };
		89F992C526DBEB3100B5ED66 /* Base */ = {isa = PBXFileReference; lastKnownFileType = file.storyboard; name = Base; path = Base.lproj/LaunchScreen.storyboard; sourceTree = "<group>"; };
		89F992C726DBEB3100B5ED66 /* Info.plist */ = {isa = PBXFileReference; lastKnownFileType = text.plist.xml; path = Info.plist; sourceTree = "<group>"; };
/* End PBXFileReference section */

/* Begin PBXFrameworksBuildPhase section */
		89F992B326DBEB3100B5ED66 /* Frameworks */ = {
			isa = PBXFrameworksBuildPhase;
			buildActionMask = 2147483647;
			files = (
			);
			runOnlyForDeploymentPostprocessing = 0;
		};
/* End PBXFrameworksBuildPhase section */

/* Begin PBXGroup section */
		89F992AD26DBEB3000B5ED66 = {
			isa = PBXGroup;
			children = (
				89F992B826DBEB3100B5ED66 /* EmodjiReader */,
				89F992B726DBEB3100B5ED66 /* Products */,
			);
			sourceTree = "<group>";
		};
		89F992B726DBEB3100B5ED66 /* Products */ = {
			isa = PBXGroup;
			children = (
				89F992B626DBEB3100B5ED66 /* EmodjiReader.app */,
			);
			name = Products;
			sourceTree = "<group>";
		};
		89F992B826DBEB3100B5ED66 /* EmodjiReader */ = {
			isa = PBXGroup;
			children = (
				89F992B926DBEB3100B5ED66 /* AppDelegate.swift */,
				89F992BB26DBEB3100B5ED66 /* SceneDelegate.swift */,
				89F992BD26DBEB3100B5ED66 /* ViewController.swift */,
				89F992BF26DBEB3100B5ED66 /* Main.storyboard */,
				89F992C226DBEB3100B5ED66 /* Assets.xcassets */,
				89F992C426DBEB3100B5ED66 /* LaunchScreen.storyboard */,
				89F992C726DBEB3100B5ED66 /* Info.plist */,
			);
			path = EmodjiReader;
			sourceTree = "<group>";
		};
/* End PBXGroup section */

/* Begin PBXNativeTarget section */
		89F992B526DBEB3100B5ED66 /* EmodjiReader */ = {
			isa = PBXNativeTarget;
			buildConfigurationList = 89F992CA26DBEB3100B5ED66 /* Build configuration list for PBXNativeTarget "EmodjiReader" */;
			buildPhases = (
				89F992B226DBEB3100B5ED66 /* Sources */,
				89F992B326DBEB3100B5ED66 /* Frameworks */,
				89F992B426DBEB3100B5ED66 /* Resources */,
			);
			buildRules = (
			);
			dependencies = (
			);
			name = EmodjiReader;
			productName = EmodjiReader;
			productReference = 89F992B626DBEB3100B5ED66 /* EmodjiReader.app */;
			productType = "com.apple.product-type.application";
		};
/* End PBXNativeTarget section */

/* Begin PBXProject section */
		89F992AE26DBEB3000B5ED66 /* Project object */ = {
			isa = PBXProject;
			attributes = {
				LastSwiftUpdateCheck = 1250;
				LastUpgradeCheck = 1250;
				TargetAttributes = {
					89F992B526DBEB3100B5ED66 = {
						CreatedOnToolsVersion = 12.5.1;
					};
				};
			};
			buildConfigurationList = 89F992B126DBEB3000B5ED66 /* Build configuration list for PBXProject "EmodjiReader" */;
			compatibilityVersion = "Xcode 9.3";
			developmentRegion = en;
			hasScannedForEncodings = 0;
			knownRegions = (
				en,
				Base,
			);
			mainGroup = 89F992AD26DBEB3000B5ED66;
			productRefGroup = 89F992B726DBEB3100B5ED66 /* Products */;
			projectDirPath = "";
			projectRoot = "";
			targets = (
				89F992B526DBEB3100B5ED66 /* EmodjiReader */,
			);
		};
/* End PBXProject section */

/* Begin PBXResourcesBuildPhase section */
		89F992B426DBEB3100B5ED66 /* Resources */ = {
			isa = PBXResourcesBuildPhase;
			buildActionMask = 2147483647;
			files = (
				89F992C626DBEB3100B5ED66 /* LaunchScreen.storyboard in Resources */,
				89F992C326DBEB3100B5ED66 /* Assets.xcassets in Resources */,
				89F992C126DBEB3100B5ED66 /* Main.storyboard in Resources */,
			);
			runOnlyForDeploymentPostprocessing = 0;
		};
/* End PBXResourcesBuildPhase section */

/* Begin PBXSourcesBuildPhase section */
		89F992B226DBEB3100B5ED66 /* Sources */ = {
			isa = PBXSourcesBuildPhase;
			buildActionMask = 2147483647;
			files = (
				89F992BE26DBEB3100B5ED66 /* ViewController.swift in Sources */,
				89F992BA26DBEB3100B5ED66 /* AppDelegate.swift in Sources */,
				89F992BC26DBEB3100B5ED66 /* SceneDelegate.swift in Sources */,
			);
			runOnlyForDeploymentPostprocessing = 0;
		};
/* End PBXSourcesBuildPhase section */

/* Begin PBXVariantGroup section */
		89F992BF26DBEB3100B5ED66 /* Main.storyboard */ = {
			isa = PBXVariantGroup;
			children = (
				89F992C026DBEB3100B5ED66 /* Base */,
			);
			name = Main.storyboard;
			sourceTree = "<group>";
		};
		89F992C426DBEB3100B5ED66 /* LaunchScreen.storyboard */ = {
			isa = PBXVariantGroup;
			children = (
				89F992C526DBEB3100B5ED66 /* Base */,
			);
			name = LaunchScreen.storyboard;
			sourceTree = "<group>";
		};
/* End PBXVariantGroup section */

/* Begin XCBuildConfiguration section */
		89F992C826DBEB3100B5ED66 /* Debug */ = {
			isa = XCBuildConfiguration;
			buildSettings = {
				ALWAYS_SEARCH_USER_PATHS = NO;
				CLANG_ANALYZER_NONNULL = YES;
				CLANG_ANALYZER_NUMBER_OBJECT_CONVERSION = YES_AGGRESSIVE;
				CLANG_CXX_LANGUAGE_STANDARD = "gnu++14";
				CLANG_CXX_LIBRARY = "libc++";
				CLANG_ENABLE_MODULES = YES;
				CLANG_ENABLE_OBJC_ARC = YES;
				CLANG_ENABLE_OBJC_WEAK = YES;
				CLANG_WARN_BLOCK_CAPTURE_AUTORELEASING = YES;
				CLANG_WARN_BOOL_CONVERSION = YES;
				CLANG_WARN_COMMA = YES;
				CLANG_WARN_CONSTANT_CONVERSION = YES;
				CLANG_WARN_DEPRECATED_OBJC_IMPLEMENTATIONS = YES;
				CLANG_WARN_DIRECT_OBJC_ISA_USAGE = YES_ERROR;
				CLANG_WARN_DOCUMENTATION_COMMENTS = YES;
				CLANG_WARN_EMPTY_BODY = YES;
				CLANG_WARN_ENUM_CONVERSION = YES;
				CLANG_WARN_INFINITE_RECURSION = YES;
				CLANG_WARN_INT_CONVERSION = YES;
				CLANG_WARN_NON_LITERAL_NULL_CONVERSION = YES;
				CLANG_WARN_OBJC_IMPLICIT_RETAIN_SELF = YES;
				CLANG_WARN_OBJC_LITERAL_CONVERSION = YES;
				CLANG_WARN_OBJC_ROOT_CLASS = YES_ERROR;
				CLANG_WARN_QUOTED_INCLUDE_IN_FRAMEWORK_HEADER = YES;
				CLANG_WARN_RANGE_LOOP_ANALYSIS = YES;
				CLANG_WARN_STRICT_PROTOTYPES = YES;
				CLANG_WARN_SUSPICIOUS_MOVE = YES;
				CLANG_WARN_UNGUARDED_AVAILABILITY = YES_AGGRESSIVE;
				CLANG_WARN_UNREACHABLE_CODE = YES;
				CLANG_WARN__DUPLICATE_METHOD_MATCH = YES;
				COPY_PHASE_STRIP = NO;
				DEBUG_INFORMATION_FORMAT = dwarf;
				ENABLE_STRICT_OBJC_MSGSEND = YES;
				ENABLE_TESTABILITY = YES;
				GCC_C_LANGUAGE_STANDARD = gnu11;
				GCC_DYNAMIC_NO_PIC = NO;
				GCC_NO_COMMON_BLOCKS = YES;
				GCC_OPTIMIZATION_LEVEL = 0;
				GCC_PREPROCESSOR_DEFINITIONS = (
					"DEBUG=1",
					"$(inherited)",
				);
				GCC_WARN_64_TO_32_BIT_CONVERSION = YES;
				GCC_WARN_ABOUT_RETURN_TYPE = YES_ERROR;
				GCC_WARN_UNDECLARED_SELECTOR = YES;
				GCC_WARN_UNINITIALIZED_AUTOS = YES_AGGRESSIVE;
				GCC_WARN_UNUSED_FUNCTION = YES;
				GCC_WARN_UNUSED_VARIABLE = YES;
				IPHONEOS_DEPLOYMENT_TARGET = 14.5;
				MTL_ENABLE_DEBUG_INFO = INCLUDE_SOURCE;
				MTL_FAST_MATH = YES;
				ONLY_ACTIVE_ARCH = YES;
				SDKROOT = iphoneos;
				SWIFT_ACTIVE_COMPILATION_CONDITIONS = DEBUG;
				SWIFT_OPTIMIZATION_LEVEL = "-Onone";
			};
			name = Debug;
		};
		89F992C926DBEB3100B5ED66 /* Release */ = {
			isa = XCBuildConfiguration;
			buildSettings = {
				ALWAYS_SEARCH_USER_PATHS = NO;
				CLANG_ANALYZER_NONNULL = YES;
				CLANG_ANALYZER_NUMBER_OBJECT_CONVERSION = YES_AGGRESSIVE;
				CLANG_CXX_LANGUAGE_STANDARD = "gnu++14";
				CLANG_CXX_LIBRARY = "libc++";
				CLANG_ENABLE_MODULES = YES;
				CLANG_ENABLE_OBJC_ARC = YES;
				CLANG_ENABLE_OBJC_WEAK = YES;
				CLANG_WARN_BLOCK_CAPTURE_AUTORELEASING = YES;
				CLANG_WARN_BOOL_CONVERSION = YES;
				CLANG_WARN_COMMA = YES;
				CLANG_WARN_CONSTANT_CONVERSION = YES;
				CLANG_WARN_DEPRECATED_OBJC_IMPLEMENTATIONS = YES;
				CLANG_WARN_DIRECT_OBJC_ISA_USAGE = YES_ERROR;
				CLANG_WARN_DOCUMENTATION_COMMENTS = YES;
				CLANG_WARN_EMPTY_BODY = YES;
				CLANG_WARN_ENUM_CONVERSION = YES;
				CLANG_WARN_INFINITE_RECURSION = YES;
				CLANG_WARN_INT_CONVERSION = YES;
				CLANG_WARN_NON_LITERAL_NULL_CONVERSION = YES;
				CLANG_WARN_OBJC_IMPLICIT_RETAIN_SELF = YES;
				CLANG_WARN_OBJC_LITERAL_CONVERSION = YES;
				CLANG_WARN_OBJC_ROOT_CLASS = YES_ERROR;
				CLANG_WARN_QUOTED_INCLUDE_IN_FRAMEWORK_HEADER = YES;
				CLANG_WARN_RANGE_LOOP_ANALYSIS = YES;
				CLANG_WARN_STRICT_PROTOTYPES = YES;
				CLANG_WARN_SUSPICIOUS_MOVE = YES;
				CLANG_WARN_UNGUARDED_AVAILABILITY = YES_AGGRESSIVE;
				CLANG_WARN_UNREACHABLE_CODE = YES;
				CLANG_WARN__DUPLICATE_METHOD_MATCH = YES;
				COPY_PHASE_STRIP = NO;
				DEBUG_INFORMATION_FORMAT = "dwarf-with-dsym";
				ENABLE_NS_ASSERTIONS = NO;
				ENABLE_STRICT_OBJC_MSGSEND = YES;
				GCC_C_LANGUAGE_STANDARD = gnu11;
				GCC_NO_COMMON_BLOCKS = YES;
				GCC_WARN_64_TO_32_BIT_CONVERSION = YES;
				GCC_WARN_ABOUT_RETURN_TYPE = YES_ERROR;
				GCC_WARN_UNDECLARED_SELECTOR = YES;
				GCC_WARN_UNINITIALIZED_AUTOS = YES_AGGRESSIVE;
				GCC_WARN_UNUSED_FUNCTION = YES;
				GCC_WARN_UNUSED_VARIABLE = YES;
				IPHONEOS_DEPLOYMENT_TARGET = 14.5;
				MTL_ENABLE_DEBUG_INFO = NO;
				MTL_FAST_MATH = YES;
				SDKROOT = iphoneos;
				SWIFT_COMPILATION_MODE = wholemodule;
				SWIFT_OPTIMIZATION_LEVEL = "-O";
				VALIDATE_PRODUCT = YES;
			};
			name = Release;
		};
		89F992CB26DBEB3100B5ED66 /* Debug */ = {
			isa = XCBuildConfiguration;
			buildSettings = {
				ASSETCATALOG_COMPILER_APPICON_NAME = AppIcon;
				ASSETCATALOG_COMPILER_GLOBAL_ACCENT_COLOR_NAME = AccentColor;
				CODE_SIGN_STYLE = Automatic;
				DEVELOPMENT_TEAM = 353WQ2ARJQ;
				INFOPLIST_FILE = EmodjiReader/Info.plist;
				LD_RUNPATH_SEARCH_PATHS = (
					"$(inherited)",
					"@executable_path/Frameworks",
				);
				PRODUCT_BUNDLE_IDENTIFIER = ru.firstprojectbb.EmodjiReader;
				PRODUCT_NAME = "$(TARGET_NAME)";
				SWIFT_VERSION = 5.0;
				TARGETED_DEVICE_FAMILY = "1,2";
			};
			name = Debug;
		};
		89F992CC26DBEB3100B5ED66 /* Release */ = {
			isa = XCBuildConfiguration;
			buildSettings = {
				ASSETCATALOG_COMPILER_APPICON_NAME = AppIcon;
				ASSETCATALOG_COMPILER_GLOBAL_ACCENT_COLOR_NAME = AccentColor;
				CODE_SIGN_STYLE = Automatic;
				DEVELOPMENT_TEAM = 353WQ2ARJQ;
				INFOPLIST_FILE = EmodjiReader/Info.plist;
				LD_RUNPATH_SEARCH_PATHS = (
					"$(inherited)",
					"@executable_path/Frameworks",
				);
				PRODUCT_BUNDLE_IDENTIFIER = ru.firstprojectbb.EmodjiReader;
				PRODUCT_NAME = "$(TARGET_NAME)";
				SWIFT_VERSION = 5.0;
				TARGETED_DEVICE_FAMILY = "1,2";
			};
			name = Release;
		};
/* End XCBuildConfiguration section */

/* Begin XCConfigurationList section */
		89F992B126DBEB3000B5ED66 /* Build configuration list for PBXProject "EmodjiReader" */ = {
			isa = XCConfigurationList;
			buildConfigurations = (
				89F992C826DBEB3100B5ED66 /* Debug */,
				89F992C926DBEB3100B5ED66 /* Release */,
			);
			defaultConfigurationIsVisible = 0;
			defaultConfigurationName = Release;
		};
		89F992CA26DBEB3100B5ED66 /* Build configuration list for PBXNativeTarget "EmodjiReader" */ = {
			isa = XCConfigurationList;
			buildConfigurations = (
				89F992CB26DBEB3100B5ED66 /* Debug */,
				89F992CC26DBEB3100B5ED66 /* Release */,
			);
			defaultConfigurationIsVisible = 0;
			defaultConfigurationName = Release;
		};
/* End XCConfigurationList section */
	};
	rootObject = 89F992AE26DBEB3000B5ED66 /* Project object */;
}
